
Microsoft Visual Studio Solution File, Format Version 12.00
# Visual Studio Version 16
VisualStudioVersion = 16.0.30309.148
MinimumVisualStudioVersion = 10.0.40219.1
Project("{FAE04EC0-301F-11D3-BF4B-00C04F79EFBC}") = "MiniProject", "MiniProject.csproj", "{EB815E3B-E019-4937-A105-F4D957F90748}"
EndProject
Global
	GlobalSection(SolutionConfigurationPlatforms) = preSolution
		Debug|Any CPU = Debug|Any CPU
		Release|Any CPU = Release|Any CPU
	EndGlobalSection
	GlobalSection(ProjectConfigurationPlatforms) = postSolution
		{EB815E3B-E019-4937-A105-F4D957F90748}.Debug|Any CPU.ActiveCfg = Debug|Any CPU
		{EB815E3B-E019-4937-A105-F4D957F90748}.Debug|Any CPU.Build.0 = Debug|Any CPU
		{EB815E3B-E019-4937-A105-F4D957F90748}.Release|Any CPU.ActiveCfg = Release|Any CPU
		{EB815E3B-E019-4937-A105-F4D957F90748}.Release|Any CPU.Build.0 = Release|Any CPU
	EndGlobalSection
	GlobalSection(SolutionProperties) = preSolution
		HideSolutionNode = FALSE
	EndGlobalSection
	GlobalSection(ExtensibilityGlobals) = postSolution
		SolutionGuid = {99DDA757-AAD8-45CC-B262-05EBAAF3AAA5}
	EndGlobalSection
EndGlobal
