
Microsoft Visual Studio Solution File, Format Version 12.00
# Visual Studio Version 16
VisualStudioVersion = 16.0.30309.148
MinimumVisualStudioVersion = 10.0.40219.1
Project("{FAE04EC0-301F-11D3-BF4B-00C04F79EFBC}") = "Forms", "Forms.csproj", "{0ECFB576-B325-4910-AE19-4DD1773BEC5E}"
EndProject
Global
	GlobalSection(SolutionConfigurationPlatforms) = preSolution
		Debug|Any CPU = Debug|Any CPU
		Release|Any CPU = Release|Any CPU
	EndGlobalSection
	GlobalSection(ProjectConfigurationPlatforms) = postSolution
		{0ECFB576-B325-4910-AE19-4DD1773BEC5E}.Debug|Any CPU.ActiveCfg = Debug|Any CPU
		{0ECFB576-B325-4910-AE19-4DD1773BEC5E}.Debug|Any CPU.Build.0 = Debug|Any CPU
		{0ECFB576-B325-4910-AE19-4DD1773BEC5E}.Release|Any CPU.ActiveCfg = Release|Any CPU
		{0ECFB576-B325-4910-AE19-4DD1773BEC5E}.Release|Any CPU.Build.0 = Release|Any CPU
	EndGlobalSection
	GlobalSection(SolutionProperties) = preSolution
		HideSolutionNode = FALSE
	EndGlobalSection
	GlobalSection(ExtensibilityGlobals) = postSolution
		SolutionGuid = {5819E7E3-AB7E-440A-BD9D-70C7DF104687}
	EndGlobalSection
EndGlobal
