
Microsoft Visual Studio Solution File, Format Version 12.00
# Visual Studio Version 16
VisualStudioVersion = 16.0.30309.148
MinimumVisualStudioVersion = 10.0.40219.1
Project("{FAE04EC0-301F-11D3-BF4B-00C04F79EFBC}") = "HandsOnCodeFirstApproach", "HandsOnCodeFirstApproach.csproj", "{2D356233-BE67-42C8-A217-63A77970E052}"
EndProject
Global
	GlobalSection(SolutionConfigurationPlatforms) = preSolution
		Debug|Any CPU = Debug|Any CPU
		Release|Any CPU = Release|Any CPU
	EndGlobalSection
	GlobalSection(ProjectConfigurationPlatforms) = postSolution
		{2D356233-BE67-42C8-A217-63A77970E052}.Debug|Any CPU.ActiveCfg = Debug|Any CPU
		{2D356233-BE67-42C8-A217-63A77970E052}.Debug|Any CPU.Build.0 = Debug|Any CPU
		{2D356233-BE67-42C8-A217-63A77970E052}.Release|Any CPU.ActiveCfg = Release|Any CPU
		{2D356233-BE67-42C8-A217-63A77970E052}.Release|Any CPU.Build.0 = Release|Any CPU
	EndGlobalSection
	GlobalSection(SolutionProperties) = preSolution
		HideSolutionNode = FALSE
	EndGlobalSection
	GlobalSection(ExtensibilityGlobals) = postSolution
		SolutionGuid = {40734A6C-CB75-44F3-AB1B-D3B0E60C068F}
	EndGlobalSection
EndGlobal
